{"1.2.0",
[{<<"erliam">>,{pkg,<<"erliam">>,<<"0.4.1">>},0},
 {<<"jiffy">>,{pkg,<<"jiffy">>,<<"1.1.1">>},0},
 {<<"lhttpc">>,{pkg,<<"nextroll_lhttpc">>,<<"1.3.2">>},0}]}.
[
{pkg_hash,[
 {<<"erliam">>, <<"D6C4C38CEA143AB22633AA423240861EFA6E63D09CAE9AD130BA3E1437CB40D9">>},
 {<<"jiffy">>, <<"ACA10F47AA91697BF24AB9582C74E00E8E95474C7EF9F76D4F1A338D0F5DE21B">>},
 {<<"lhttpc">>, <<"5938A05EF0B2F1044A33D28ED767B2EE15BD4271B78916B31ACF0FEF1C1ED381">>}]},
{pkg_hash_ext,[
 {<<"erliam">>, <<"0D1EF799285F7AF8C0019ED6B06A2CA5AA9699C77905153F1203D9063B8015A0">>},
 {<<"jiffy">>, <<"62E1F0581C3C19C33A725C781DFA88410D8BFF1BBAFC3885A2552286B4785C4C">>},
 {<<"lhttpc">>, <<"09C44FE9F2C70BA014BA687406AA9F4B094CA425C65B7DF51AD6D511A6F5C545">>}]}
].
